{
  "nodes": {
    "caelestia-cli": {
      "inputs": {
        "caelestia-shell": [
          "caelestia-shell"
        ],
        "nixpkgs": [
          "caelestia-shell",
          "nixpkgs"
        ]
      },
      "locked": {
        "lastModified": 1787276686,
        "narHash": "sha256-rYdGb5rKIfETdlenQRxHfg17dhf9fN8eaRryX6sztnQ=",
        "owner": "caelestia-dots",
        "repo": "cli",
        "rev": "7401d9e3a371e583bc0b42dc1a139d01e278e6c1",
        "type": "github"
      },
      "original": {
        "owner": "caelestia-dots",
        "repo": "cli",
        "type": "github"
      }
    },
    "caelestia-dots": {
      "flake": false,
      "locked": {
        "lastModified": 1787213025,
        "narHash": "sha256-5Yn3OLZlDwuCWejDHpe56C+ahStScRZj+3v0uaPuvGo=",
        "owner": "caelestia-dots",
        "repo": "caelestia",
        "rev": "58ea6ec0c3299959e2a2a77dded619d30500b4bc",
        "type": "github"
      },
      "original": {
        "owner": "caelestia-dots",
        "repo": "caelestia",
        "type": "github"
      }
    },
    "caelestia-greeter": {
      "inputs": {
        "m3shapes": [
          "caelestia-shell",
          "m3shapes"
        ],
        "nixpkgs": [
          "nixpkgs"
        ],
        "quickshell": [
          "caelestia-shell",
          "quickshell"
        ]
      },
      "locked": {
        "lastModified": 1786816196,
        "narHash": "sha256-FOBcE9pElXVO3uYMq+yk0WCCA86GFY8NVe0m2DMR+tg=",
        "owner": "dim-ghub",
        "repo": "Caelestia-Greeter",
        "rev": "10372e3a1bec38204a55dad6e01bcadcfd6e888d",
        "type": "github"
      },
      "original": {
        "owner": "dim-ghub",
        "repo": "Caelestia-Greeter",
        "type": "github"
      }
    },
    "caelestia-shell": {
      "inputs": {
        "caelestia-cli": "caelestia-cli",
        "m3shapes": "m3shapes",
        "nixpkgs": [
          "nixpkgs"
        ],
        "quickshell": "quickshell"
      },
      "locked": {
        "lastModified": 1787455880,
        "narHash": "sha256-JRICTpsYY3rD9CldgbIYWICHp8KDis0I7QafNkRGhac=",
        "owner": "caelestia-dots",
        "repo": "shell",
        "rev": "4c69204d8d7b2dac6950b4de9055465229359f55",
        "type": "github"
      },
      "original": {
        "owner": "caelestia-dots",
        "repo": "shell",
        "type": "github"
      }
    },
    "codex-desktop-linux": {
      "inputs": {
        "flake-utils": "flake-utils",
        "nixpkgs": [
          "nixpkgs"
        ]
      },
      "locked": {
        "lastModified": 1785687623,
        "narHash": "sha256-f5uwkAH/v3qNMznufPMEqD44zCoA0BgTCXLLyosFkVA=",
        "owner": "ilysenko",
        "repo": "codex-desktop-linux",
        "rev": "ec38ca664c7fd18fa33744216850924bd3132872",
        "type": "github"
      },
      "original": {
        "owner": "ilysenko",
        "repo": "codex-desktop-linux",
        "type": "github"
      }
    },
    "flake-utils": {
      "inputs": {
        "systems": "systems"
      },
      "locked": {
        "lastModified": 1731533236,
        "narHash": "sha256-l0KFg5HjrsfsO/JpG+r7fRrqm12kzFHyUHqHCVpMMbI=",
        "owner": "numtide",
        "repo": "flake-utils",
        "rev": "11707dc2f618dd54ca8739b309ec4fc024de578b",
        "type": "github"
      },
      "original": {
        "owner": "numtide",
        "repo": "flake-utils",
        "type": "github"
      }
    },
    "home-manager": {
      "inputs": {
        "nixpkgs": [
          "nixpkgs"
        ]
      },
      "locked": {
        "lastModified": 1785531816,
        "narHash": "sha256-vkMnV0JIyw+g/NmcfoajlGaAO+9a0ezia+FZohQJrik=",
        "owner": "nix-community",
        "repo": "home-manager",
        "rev": "bf9ce9fec78f95f374e8dd3b503863a3ec128ebe",
        "type": "github"
      },
      "original": {
        "owner": "nix-community",
        "repo": "home-manager",
        "type": "github"
      }
    },
    "m3shapes": {
      "flake": false,
      "locked": {
        "lastModified": 1781017666,
        "narHash": "sha256-kfHyzZaPHgqZML48OA+5JwBOsLdQJ2ci/aGPShvUB4Y=",
        "owner": "soramanew",
        "repo": "m3shapes",
        "rev": "bdc327b29f95394a732baf3c9b19658ba23755b6",
        "type": "github"
      },
      "original": {
        "owner": "soramanew",
        "repo": "m3shapes",
        "rev": "bdc327b29f95394a732baf3c9b19658ba23755b6",
        "type": "github"
      }
    },
    "nixpkgs": {
      "locked": {
        "lastModified": 1785571196,
        "narHash": "sha256-KoTsyMQqnXQZq8deCEnu4QkyldkwH/bpMMhUcfMdGIw=",
        "owner": "NixOS",
        "repo": "nixpkgs",
        "rev": "148bab9c1c3c53136ecb44a6ea356a0ed5b39b06",
        "type": "github"
      },
      "original": {
        "owner": "NixOS",
        "ref": "nixos-unstable",
        "repo": "nixpkgs",
        "type": "github"
      }
    },
    "plasma-manager": {
      "inputs": {
        "home-manager": [
          "home-manager"
        ],
        "nixpkgs": [
          "nixpkgs"
        ]
      },
      "locked": {
        "lastModified": 1783574839,
        "narHash": "sha256-ICof1tV4/9XheBLBGf7dhMhfMq4dOs1zwTHrr7zGFlA=",
        "owner": "nix-community",
        "repo": "plasma-manager",
        "rev": "c551f0687658e4bb699cfff6015436ad7ee57a0d",
        "type": "github"
      },
      "original": {
        "owner": "nix-community",
        "repo": "plasma-manager",
        "type": "github"
      }
    },
    "quickshell": {
      "inputs": {
        "nixpkgs": [
          "caelestia-shell",
          "nixpkgs"
        ]
      },
      "locked": {
        "lastModified": 1787440121,
        "narHash": "sha256-OZdLL1rMR9kjTFZroOODeyQ0u6nrSxcFHlK6JUi+R/c=",
        "ref": "refs/heads/master",
        "rev": "0fed22a2c47d9568ddf13cf61586b3f2ac4378a2",
        "revCount": 847,
        "type": "git",
        "url": "https://git.outfoxxed.me/outfoxxed/quickshell"
      },
      "original": {
        "type": "git",
        "url": "https://git.outfoxxed.me/outfoxxed/quickshell"
      }
    },
    "root": {
      "inputs": {
        "caelestia-dots": "caelestia-dots",
        "caelestia-greeter": "caelestia-greeter",
        "caelestia-shell": "caelestia-shell",
        "codex-desktop-linux": "codex-desktop-linux",
        "home-manager": "home-manager",
        "nixpkgs": "nixpkgs",
        "plasma-manager": "plasma-manager",
        "sidra": "sidra"
      }
    },
    "sidra": {
      "inputs": {
        "nixpkgs": [
          "nixpkgs"
        ]
      },
      "locked": {
        "lastModified": 1786706192,
        "narHash": "sha256-NViIxuTn4VA6w5JPpzamwkCnFUmhFc4CFMemIKsC/B8=",
        "owner": "wimpysworld",
        "repo": "sidra",
        "rev": "8ace425cda0f462acc7a00ada1e71f87aa30c2cf",
        "type": "github"
      },
      "original": {
        "owner": "wimpysworld",
        "repo": "sidra",
        "type": "github"
      }
    },
    "systems": {
      "locked": {
        "lastModified": 1681028828,
        "narHash": "sha256-Vy1rq5AaRuLzOxct8nz4T6wlgyUR7zLU309k9mBC768=",
        "owner": "nix-systems",
        "repo": "default",
        "rev": "da67096a3b9bf56a91d16901293e51ba5b49a27e",
        "type": "github"
      },
      "original": {
        "owner": "nix-systems",
        "repo": "default",
        "type": "github"
      }
    }
  },
  "root": "root",
  "version": 7
}
